
Microsoft Visual Studio Solution File, Format Version 12.00
# Visual Studio Version 17
VisualStudioVersion = 17.14.36327.8 d17.14
MinimumVisualStudioVersion = 10.0.40219.1
Project("{FAE04EC0-301F-11D3-BF4B-00C04F79EFBC}") = "TellMeWhatToDo", "TellMeWhatToDo\TellMeWhatToDo.csproj", "{C90FD6D9-1D06-4B2B-85FB-29E72A3E44F0}"
EndProject
Global
	GlobalSection(SolutionConfigurationPlatforms) = preSolution
		Debug|Any CPU = Debug|Any CPU
		Release|Any CPU = Release|Any CPU
	EndGlobalSection
	GlobalSection(ProjectConfigurationPlatforms) = postSolution
		{C90FD6D9-1D06-4B2B-85FB-29E72A3E44F0}.Debug|Any CPU.ActiveCfg = Debug|Any CPU
		{C90FD6D9-1D06-4B2B-85FB-29E72A3E44F0}.Debug|Any CPU.Build.0 = Debug|Any CPU
		{C90FD6D9-1D06-4B2B-85FB-29E72A3E44F0}.Release|Any CPU.ActiveCfg = Release|Any CPU
		{C90FD6D9-1D06-4B2B-85FB-29E72A3E44F0}.Release|Any CPU.Build.0 = Release|Any CPU
	EndGlobalSection
	GlobalSection(SolutionProperties) = preSolution
		HideSolutionNode = FALSE
	EndGlobalSection
	GlobalSection(ExtensibilityGlobals) = postSolution
		SolutionGuid = {5D6F6B4D-A9D7-4E45-9FE9-04F7226051A6}
	EndGlobalSection
EndGlobal
